
Microsoft Visual Studio Solution File, Format Version 12.00
# Visual Studio Version 17
VisualStudioVersion = 17.9.34728.123
MinimumVisualStudioVersion = 10.0.40219.1
Project("{8BC9CEB8-8B4A-11D0-8D11-00A0C91BC942}") = "Test", "Test\Test.vcxproj", "{B4B1E711-FB50-4B9D-9EE6-505083816405}"
EndProject
Project("{8BC9CEB8-8B4A-11D0-8D11-00A0C91BC942}") = "DynamicLib", "DynamicLib\DynamicLib.vcxproj", "{054E2E12-B4A2-4C86-A31C-64A11A596FB3}"
EndProject
Global
	GlobalSection(SolutionConfigurationPlatforms) = preSolution
		Debug|x64 = Debug|x64
		Debug|x86 = Debug|x86
		Release|x64 = Release|x64
		Release|x86 = Release|x86
	EndGlobalSection
	GlobalSection(ProjectConfigurationPlatforms) = postSolution
		{B4B1E711-FB50-4B9D-9EE6-505083816405}.Debug|x64.ActiveCfg = Debug|x64
		{B4B1E711-FB50-4B9D-9EE6-505083816405}.Debug|x64.Build.0 = Debug|x64
		{B4B1E711-FB50-4B9D-9EE6-505083816405}.Debug|x86.ActiveCfg = Debug|Win32
		{B4B1E711-FB50-4B9D-9EE6-505083816405}.Debug|x86.Build.0 = Debug|Win32
		{B4B1E711-FB50-4B9D-9EE6-505083816405}.Release|x64.ActiveCfg = Release|x64
		{B4B1E711-FB50-4B9D-9EE6-505083816405}.Release|x64.Build.0 = Release|x64
		{B4B1E711-FB50-4B9D-9EE6-505083816405}.Release|x86.ActiveCfg = Release|Win32
		{B4B1E711-FB50-4B9D-9EE6-505083816405}.Release|x86.Build.0 = Release|Win32
		{054E2E12-B4A2-4C86-A31C-64A11A596FB3}.Debug|x64.ActiveCfg = Debug|x64
		{054E2E12-B4A2-4C86-A31C-64A11A596FB3}.Debug|x64.Build.0 = Debug|x64
		{054E2E12-B4A2-4C86-A31C-64A11A596FB3}.Debug|x86.ActiveCfg = Debug|Win32
		{054E2E12-B4A2-4C86-A31C-64A11A596FB3}.Debug|x86.Build.0 = Debug|Win32
		{054E2E12-B4A2-4C86-A31C-64A11A596FB3}.Release|x64.ActiveCfg = Release|x64
		{054E2E12-B4A2-4C86-A31C-64A11A596FB3}.Release|x64.Build.0 = Release|x64
		{054E2E12-B4A2-4C86-A31C-64A11A596FB3}.Release|x86.ActiveCfg = Release|Win32
		{054E2E12-B4A2-4C86-A31C-64A11A596FB3}.Release|x86.Build.0 = Release|Win32
	EndGlobalSection
	GlobalSection(SolutionProperties) = preSolution
		HideSolutionNode = FALSE
	EndGlobalSection
	GlobalSection(ExtensibilityGlobals) = postSolution
		SolutionGuid = {23177083-F9D3-4C24-8194-9EDE06CB995D}
	EndGlobalSection
EndGlobal
